PODS:
  - ECSlidingViewController (0.9.0)
  - MeetupOAuth2Client (0.0.1)

DEPENDENCIES:
  - ECSlidingViewController (~> 0.9.0)
  - MeetupOAuth2Client (from `https://github.com/w5mith/MeetupOAuth2Client.git`)

EXTERNAL SOURCES:
  MeetupOAuth2Client:
    :git: https://github.com/w5mith/MeetupOAuth2Client.git

SPEC CHECKSUMS:
  ECSlidingViewController: 8c991babf110cb46b9a23d64d86f898e4a9755e5
  MeetupOAuth2Client: 1c08a32583a0d2e8fce0f459a496c144f5c9b905

COCOAPODS: 0.25.0
