PODS:
  - ECSlidingViewController (0.9.0)
  - MeetupOAuth2Client (0.0.1)

DEPENDENCIES:
  - ECSlidingViewController (~> 0.9.0)
  - MeetupOAuth2Client (from `git://github.com/w5mith/MeetupOAuth2Client.git`)

EXTERNAL SOURCES:
  MeetupOAuth2Client:
    :git: git://github.com/w5mith/MeetupOAuth2Client.git

SPEC CHECKSUMS:
  ECSlidingViewController: 46cb6a6cc72e359a19d2f232728be08685450d90
  MeetupOAuth2Client: 1c08a32583a0d2e8fce0f459a496c144f5c9b905

COCOAPODS: 0.18.1
